// !$*UTF8*$!
{
	archiveVersion = 1;
	classes = {
	};
	objectVersion = 46;
	objects = {

/* Begin PBXBuildFile section */
		DEEDF79B1B6A79AB00A30C28 /* AppDelegate.swift in Sources */ = {isa = PBXBuildFile; fileRef = DEEDF79A1B6A79AB00A30C28 /* AppDelegate.swift */; };
		DEEDF79D1B6A79AB00A30C28 /* MasterViewController.swift in Sources */ = {isa = PBXBuildFile; fileRef = DEEDF79C1B6A79AB00A30C28 /* MasterViewController.swift */; };
		DEEDF79F1B6A79AB00A30C28 /* DetailViewController.swift in Sources */ = {isa = PBXBuildFile; fileRef = DEEDF79E1B6A79AB00A30C28 /* DetailViewController.swift */; };
		DEEDF7A21B6A79AB00A30C28 /* Main.storyboard in Resources */ = {isa = PBXBuildFile; fileRef = DEEDF7A01B6A79AB00A30C28 /* Main.storyboard */; };
		DEEDF7A41B6A79AB00A30C28 /* Images.xcassets in Resources */ = {isa = PBXBuildFile; fileRef = DEEDF7A31B6A79AB00A30C28 /* Images.xcassets */; };
		DEEDF7A71B6A79AB00A30C28 /* LaunchScreen.xib in Resources */ = {isa = PBXBuildFile; fileRef = DEEDF7A51B6A79AB00A30C28 /* LaunchScreen.xib */; };
		DEEDF7B31B6A79AB00A30C28 /* Project1Tests.swift in Sources */ = {isa = PBXBuildFile; fileRef = DEEDF7B21B6A79AB00A30C28 /* Project1Tests.swift */; };
/* End PBXBuildFile section */

/* Begin PBXContainerItemProxy section */
		DEEDF7AD1B6A79AB00A30C28 /* PBXContainerItemProxy */ = {
			isa = PBXContainerItemProxy;
			containerPortal = DEEDF78D1B6A79AB00A30C28 /* Project object */;
			proxyType = 1;
			remoteGlobalIDString = DEEDF7941B6A79AB00A30C28;
			remoteInfo = Project1;
		};
/* End PBXContainerItemProxy section */

/* Begin PBXFileReference section */
		DEEDF7951B6A79AB00A30C28 /* Project1.app */ = {isa = PBXFileReference; explicitFileType = wrapper.application; includeInIndex = 0; path = Project1.app; sourceTree = BUILT_PRODUCTS_DIR; };
		DEEDF7991B6A79AB00A30C28 /* Info.plist */ = {isa = PBXFileReference; lastKnownFileType = text.plist.xml; path = Info.plist; sourceTree = "<group>"; };
		DEEDF79A1B6A79AB00A30C28 /* AppDelegate.swift */ = {isa = PBXFileReference; lastKnownFileType = sourcecode.swift; path = AppDelegate.swift; sourceTree = "<group>"; };
		DEEDF79C1B6A79AB00A30C28 /* MasterViewController.swift */ = {isa = PBXFileReference; lastKnownFileType = sourcecode.swift; path = MasterViewController.swift; sourceTree = "<group>"; };
		DEEDF79E1B6A79AB00A30C28 /* DetailViewController.swift */ = {isa = PBXFileReference; lastKnownFileType = sourcecode.swift; path = DetailViewController.swift; sourceTree = "<group>"; };
		DEEDF7A11B6A79AB00A30C28 /* Base */ = {isa = PBXFileReference; lastKnownFileType = file.storyboard; name = Base; path = Base.lproj/Main.storyboard; sourceTree = "<group>"; };
		DEEDF7A31B6A79AB00A30C28 /* Images.xcassets */ = {isa = PBXFileReference; lastKnownFileType = folder.assetcatalog; path = Images.xcassets; sourceTree = "<group>"; };
		DEEDF7A61B6A79AB00A30C28 /* Base */ = {isa = PBXFileReference; lastKnownFileType = file.xib; name = Base; path = Base.lproj/LaunchScreen.xib; sourceTree = "<group>"; };
		DEEDF7AC1B6A79AB00A30C28 /* Project1Tests.xctest */ = {isa = PBXFileReference; explicitFileType = wrapper.cfbundle; includeInIndex = 0; path = Project1Tests.xctest; sourceTree = BUILT_PRODUCTS_DIR; };
		DEEDF7B11B6A79AB00A30C28 /* Info.plist */ = {isa = PBXFileReference; lastKnownFileType = text.plist.xml; path = Info.plist; sourceTree = "<group>"; };
		DEEDF7B21B6A79AB00A30C28 /* Project1Tests.swift */ = {isa = PBXFileReference; lastKnownFileType = sourcecode.swift; path = Project1Tests.swift; sourceTree = "<group>"; };
/* End PBXFileReference section */

/* Begin PBXFrameworksBuildPhase section */
		DEEDF7921B6A79AB00A30C28 /* Frameworks */ = {
			isa = PBXFrameworksBuildPhase;
			buildActionMask = 2147483647;
			files = (
			);
			runOnlyForDeploymentPostprocessing = 0;
		};
		DEEDF7A91B6A79AB00A30C28 /* Frameworks */ = {
			isa = PBXFrameworksBuildPhase;
			buildActionMask = 2147483647;
			files = (
			);
			runOnlyForDeploymentPostprocessing = 0;
		};
/* End PBXFrameworksBuildPhase section */

/* Begin PBXGroup section */
		DEEDF78C1B6A79AB00A30C28 = {
			isa = PBXGroup;
			children = (
				DEEDF7971B6A79AB00A30C28 /* Project1 */,
				DEEDF7AF1B6A79AB00A30C28 /* Project1Tests */,
				DEEDF7961B6A79AB00A30C28 /* Products */,
			);
			sourceTree = "<group>";
		};
		DEEDF7961B6A79AB00A30C28 /* Products */ = {
			isa = PBXGroup;
			children = (
				DEEDF7951B6A79AB00A30C28 /* Project1.app */,
				DEEDF7AC1B6A79AB00A30C28 /* Project1Tests.xctest */,
			);
			name = Products;
			sourceTree = "<group>";
		};
		DEEDF7971B6A79AB00A30C28 /* Project1 */ = {
			isa = PBXGroup;
			children = (
				DEEDF79A1B6A79AB00A30C28 /* AppDelegate.swift */,
				DEEDF79C1B6A79AB00A30C28 /* MasterViewController.swift */,
				DEEDF79E1B6A79AB00A30C28 /* DetailViewController.swift */,
				DEEDF7A01B6A79AB00A30C28 /* Main.storyboard */,
				DEEDF7A31B6A79AB00A30C28 /* Images.xcassets */,
				DEEDF7A51B6A79AB00A30C28 /* LaunchScreen.xib */,
				DEEDF7981B6A79AB00A30C28 /* Supporting Files */,
			);
			path = Project1;
			sourceTree = "<group>";
		};
		DEEDF7981B6A79AB00A30C28 /* Supporting Files */ = {
			isa = PBXGroup;
			children = (
				DEEDF7991B6A79AB00A30C28 /* Info.plist */,
			);
			name = "Supporting Files";
			sourceTree = "<group>";
		};
		DEEDF7AF1B6A79AB00A30C28 /* Project1Tests */ = {
			isa = PBXGroup;
			children = (
				DEEDF7B21B6A79AB00A30C28 /* Project1Tests.swift */,
				DEEDF7B01B6A79AB00A30C28 /* Supporting Files */,
			);
			path = Project1Tests;
			sourceTree = "<group>";
		};
		DEEDF7B01B6A79AB00A30C28 /* Supporting Files */ = {
			isa = PBXGroup;
			children = (
				DEEDF7B11B6A79AB00A30C28 /* Info.plist */,
			);
			name = "Supporting Files";
			sourceTree = "<group>";
		};
/* End PBXGroup section */

/* Begin PBXNativeTarget section */
		DEEDF7941B6A79AB00A30C28 /* Project1 */ = {
			isa = PBXNativeTarget;
			buildConfigurationList = DEEDF7B61B6A79AB00A30C28 /* Build configuration list for PBXNativeTarget "Project1" */;
			buildPhases = (
				DEEDF7911B6A79AB00A30C28 /* Sources */,
				DEEDF7921B6A79AB00A30C28 /* Frameworks */,
				DEEDF7931B6A79AB00A30C28 /* Resources */,
			);
			buildRules = (
			);
			dependencies = (
			);
			name = Project1;
			productName = Project1;
			productReference = DEEDF7951B6A79AB00A30C28 /* Project1.app */;
			productType = "com.apple.product-type.application";
		};
		DEEDF7AB1B6A79AB00A30C28 /* Project1Tests */ = {
			isa = PBXNativeTarget;
			buildConfigurationList = DEEDF7B91B6A79AB00A30C28 /* Build configuration list for PBXNativeTarget "Project1Tests" */;
			buildPhases = (
				DEEDF7A81B6A79AB00A30C28 /* Sources */,
				DEEDF7A91B6A79AB00A30C28 /* Frameworks */,
				DEEDF7AA1B6A79AB00A30C28 /* Resources */,
			);
			buildRules = (
			);
			dependencies = (
				DEEDF7AE1B6A79AB00A30C28 /* PBXTargetDependency */,
			);
			name = Project1Tests;
			productName = Project1Tests;
			productReference = DEEDF7AC1B6A79AB00A30C28 /* Project1Tests.xctest */;
			productType = "com.apple.product-type.bundle.unit-test";
		};
/* End PBXNativeTarget section */

/* Begin PBXProject section */
		DEEDF78D1B6A79AB00A30C28 /* Project object */ = {
			isa = PBXProject;
			attributes = {
				LastUpgradeCheck = 0640;
				ORGANIZATIONNAME = "nop+mike";
				TargetAttributes = {
					DEEDF7941B6A79AB00A30C28 = {
						CreatedOnToolsVersion = 6.4;
					};
					DEEDF7AB1B6A79AB00A30C28 = {
						CreatedOnToolsVersion = 6.4;
						TestTargetID = DEEDF7941B6A79AB00A30C28;
					};
				};
			};
			buildConfigurationList = DEEDF7901B6A79AB00A30C28 /* Build configuration list for PBXProject "Project1" */;
			compatibilityVersion = "Xcode 3.2";
			developmentRegion = English;
			hasScannedForEncodings = 0;
			knownRegions = (
				en,
				Base,
			);
			mainGroup = DEEDF78C1B6A79AB00A30C28;
			productRefGroup = DEEDF7961B6A79AB00A30C28 /* Products */;
			projectDirPath = "";
			projectRoot = "";
			targets = (
				DEEDF7941B6A79AB00A30C28 /* Project1 */,
				DEEDF7AB1B6A79AB00A30C28 /* Project1Tests */,
			);
		};
/* End PBXProject section */

/* Begin PBXResourcesBuildPhase section */
		DEEDF7931B6A79AB00A30C28 /* Resources */ = {
			isa = PBXResourcesBuildPhase;
			buildActionMask = 2147483647;
			files = (
				DEEDF7A21B6A79AB00A30C28 /* Main.storyboard in Resources */,
				DEEDF7A71B6A79AB00A30C28 /* LaunchScreen.xib in Resources */,
				DEEDF7A41B6A79AB00A30C28 /* Images.xcassets in Resources */,
			);
			runOnlyForDeploymentPostprocessing = 0;
		};
		DEEDF7AA1B6A79AB00A30C28 /* Resources */ = {
			isa = PBXResourcesBuildPhase;
			buildActionMask = 2147483647;
			files = (
			);
			runOnlyForDeploymentPostprocessing = 0;
		};
/* End PBXResourcesBuildPhase section */

/* Begin PBXSourcesBuildPhase section */
		DEEDF7911B6A79AB00A30C28 /* Sources */ = {
			isa = PBXSourcesBuildPhase;
			buildActionMask = 2147483647;
			files = (
				DEEDF79F1B6A79AB00A30C28 /* DetailViewController.swift in Sources */,
				DEEDF79D1B6A79AB00A30C28 /* MasterViewController.swift in Sources */,
				DEEDF79B1B6A79AB00A30C28 /* AppDelegate.swift in Sources */,
			);
			runOnlyForDeploymentPostprocessing = 0;
		};
		DEEDF7A81B6A79AB00A30C28 /* Sources */ = {
			isa = PBXSourcesBuildPhase;
			buildActionMask = 2147483647;
			files = (
				DEEDF7B31B6A79AB00A30C28 /* Project1Tests.swift in Sources */,
			);
			runOnlyForDeploymentPostprocessing = 0;
		};
/* End PBXSourcesBuildPhase section */

/* Begin PBXTargetDependency section */
		DEEDF7AE1B6A79AB00A30C28 /* PBXTargetDependency */ = {
			isa = PBXTargetDependency;
			target = DEEDF7941B6A79AB00A30C28 /* Project1 */;
			targetProxy = DEEDF7AD1B6A79AB00A30C28 /* PBXContainerItemProxy */;
		};
/* End PBXTargetDependency section */

/* Begin PBXVariantGroup section */
		DEEDF7A01B6A79AB00A30C28 /* Main.storyboard */ = {
			isa = PBXVariantGroup;
			children = (
				DEEDF7A11B6A79AB00A30C28 /* Base */,
			);
			name = Main.storyboard;
			sourceTree = "<group>";
		};
		DEEDF7A51B6A79AB00A30C28 /* LaunchScreen.xib */ = {
			isa = PBXVariantGroup;
			children = (
				DEEDF7A61B6A79AB00A30C28 /* Base */,
			);
			name = LaunchScreen.xib;
			sourceTree = "<group>";
		};
/* End PBXVariantGroup section */

/* Begin XCBuildConfiguration section */
		DEEDF7B41B6A79AB00A30C28 /* Debug */ = {
			isa = XCBuildConfiguration;
			buildSettings = {
				ALWAYS_SEARCH_USER_PATHS = NO;
				CLANG_CXX_LANGUAGE_STANDARD = "gnu++0x";
				CLANG_CXX_LIBRARY = "libc++";
				CLANG_ENABLE_MODULES = YES;
				CLANG_ENABLE_OBJC_ARC = YES;
				CLANG_WARN_BOOL_CONVERSION = YES;
				CLANG_WARN_CONSTANT_CONVERSION = YES;
				CLANG_WARN_DIRECT_OBJC_ISA_USAGE = YES_ERROR;
				CLANG_WARN_EMPTY_BODY = YES;
				CLANG_WARN_ENUM_CONVERSION = YES;
				CLANG_WARN_INT_CONVERSION = YES;
				CLANG_WARN_OBJC_ROOT_CLASS = YES_ERROR;
				CLANG_WARN_UNREACHABLE_CODE = YES;
				CLANG_WARN__DUPLICATE_METHOD_MATCH = YES;
				"CODE_SIGN_IDENTITY[sdk=iphoneos*]" = "iPhone Developer";
				COPY_PHASE_STRIP = NO;
				DEBUG_INFORMATION_FORMAT = "dwarf-with-dsym";
				ENABLE_STRICT_OBJC_MSGSEND = YES;
				GCC_C_LANGUAGE_STANDARD = gnu99;
				GCC_DYNAMIC_NO_PIC = NO;
				GCC_NO_COMMON_BLOCKS = YES;
				GCC_OPTIMIZATION_LEVEL = 0;
				GCC_PREPROCESSOR_DEFINITIONS = (
					"DEBUG=1",
					"$(inherited)",
				);
				GCC_SYMBOLS_PRIVATE_EXTERN = NO;
				GCC_WARN_64_TO_32_BIT_CONVERSION = YES;
				GCC_WARN_ABOUT_RETURN_TYPE = YES_ERROR;
				GCC_WARN_UNDECLARED_SELECTOR = YES;
				GCC_WARN_UNINITIALIZED_AUTOS = YES_AGGRESSIVE;
				GCC_WARN_UNUSED_FUNCTION = YES;
				GCC_WARN_UNUSED_VARIABLE = YES;
				IPHONEOS_DEPLOYMENT_TARGET = 8.4;
				MTL_ENABLE_DEBUG_INFO = YES;
				ONLY_ACTIVE_ARCH = YES;
				SDKROOT = iphoneos;
				SWIFT_OPTIMIZATION_LEVEL = "-Onone";
			};
			name = Debug;
		};
		DEEDF7B51B6A79AB00A30C28 /* Release */ = {
			isa = XCBuildConfiguration;
			buildSettings = {
				ALWAYS_SEARCH_USER_PATHS = NO;
				CLANG_CXX_LANGUAGE_STANDARD = "gnu++0x";
				CLANG_CXX_LIBRARY = "libc++";
				CLANG_ENABLE_MODULES = YES;
				CLANG_ENABLE_OBJC_ARC = YES;
				CLANG_WARN_BOOL_CONVERSION = YES;
				CLANG_WARN_CONSTANT_CONVERSION = YES;
				CLANG_WARN_DIRECT_OBJC_ISA_USAGE = YES_ERROR;
				CLANG_WARN_EMPTY_BODY = YES;
				CLANG_WARN_ENUM_CONVERSION = YES;
				CLANG_WARN_INT_CONVERSION = YES;
				CLANG_WARN_OBJC_ROOT_CLASS = YES_ERROR;
				CLANG_WARN_UNREACHABLE_CODE = YES;
				CLANG_WARN__DUPLICATE_METHOD_MATCH = YES;
				"CODE_SIGN_IDENTITY[sdk=iphoneos*]" = "iPhone Developer";
				COPY_PHASE_STRIP = NO;
				DEBUG_INFORMATION_FORMAT = "dwarf-with-dsym";
				ENABLE_NS_ASSERTIONS = NO;
				ENABLE_STRICT_OBJC_MSGSEND = YES;
				GCC_C_LANGUAGE_STANDARD = gnu99;
				GCC_NO_COMMON_BLOCKS = YES;
				GCC_WARN_64_TO_32_BIT_CONVERSION = YES;
				GCC_WARN_ABOUT_RETURN_TYPE = YES_ERROR;
				GCC_WARN_UNDECLARED_SELECTOR = YES;
				GCC_WARN_UNINITIALIZED_AUTOS = YES_AGGRESSIVE;
				GCC_WARN_UNUSED_FUNCTION = YES;
				GCC_WARN_UNUSED_VARIABLE = YES;
				IPHONEOS_DEPLOYMENT_TARGET = 8.4;
				MTL_ENABLE_DEBUG_INFO = NO;
				SDKROOT = iphoneos;
				VALIDATE_PRODUCT = YES;
			};
			name = Release;
		};
		DEEDF7B71B6A79AB00A30C28 /* Debug */ = {
			isa = XCBuildConfiguration;
			buildSettings = {
				ASSETCATALOG_COMPILER_APPICON_NAME = AppIcon;
				INFOPLIST_FILE = Project1/Info.plist;
				LD_RUNPATH_SEARCH_PATHS = "$(inherited) @executable_path/Frameworks";
				PRODUCT_NAME = "$(TARGET_NAME)";
			};
			name = Debug;
		};
		DEEDF7B81B6A79AB00A30C28 /* Release */ = {
			isa = XCBuildConfiguration;
			buildSettings = {
				ASSETCATALOG_COMPILER_APPICON_NAME = AppIcon;
				INFOPLIST_FILE = Project1/Info.plist;
				LD_RUNPATH_SEARCH_PATHS = "$(inherited) @executable_path/Frameworks";
				PRODUCT_NAME = "$(TARGET_NAME)";
			};
			name = Release;
		};
		DEEDF7BA1B6A79AB00A30C28 /* Debug */ = {
			isa = XCBuildConfiguration;
			buildSettings = {
				BUNDLE_LOADER = "$(TEST_HOST)";
				FRAMEWORK_SEARCH_PATHS = (
					"$(SDKROOT)/Developer/Library/Frameworks",
					"$(inherited)",
				);
				GCC_PREPROCESSOR_DEFINITIONS = (
					"DEBUG=1",
					"$(inherited)",
				);
				INFOPLIST_FILE = Project1Tests/Info.plist;
				LD_RUNPATH_SEARCH_PATHS = "$(inherited) @executable_path/Frameworks @loader_path/Frameworks";
				PRODUCT_NAME = "$(TARGET_NAME)";
				TEST_HOST = "$(BUILT_PRODUCTS_DIR)/Project1.app/Project1";
			};
			name = Debug;
		};
		DEEDF7BB1B6A79AB00A30C28 /* Release */ = {
			isa = XCBuildConfiguration;
			buildSettings = {
				BUNDLE_LOADER = "$(TEST_HOST)";
				FRAMEWORK_SEARCH_PATHS = (
					"$(SDKROOT)/Developer/Library/Frameworks",
					"$(inherited)",
				);
				INFOPLIST_FILE = Project1Tests/Info.plist;
				LD_RUNPATH_SEARCH_PATHS = "$(inherited) @executable_path/Frameworks @loader_path/Frameworks";
				PRODUCT_NAME = "$(TARGET_NAME)";
				TEST_HOST = "$(BUILT_PRODUCTS_DIR)/Project1.app/Project1";
			};
			name = Release;
		};
/* End XCBuildConfiguration section */

/* Begin XCConfigurationList section */
		DEEDF7901B6A79AB00A30C28 /* Build configuration list for PBXProject "Project1" */ = {
			isa = XCConfigurationList;
			buildConfigurations = (
				DEEDF7B41B6A79AB00A30C28 /* Debug */,
				DEEDF7B51B6A79AB00A30C28 /* Release */,
			);
			defaultConfigurationIsVisible = 0;
			defaultConfigurationName = Release;
		};
		DEEDF7B61B6A79AB00A30C28 /* Build configuration list for PBXNativeTarget "Project1" */ = {
			isa = XCConfigurationList;
			buildConfigurations = (
				DEEDF7B71B6A79AB00A30C28 /* Debug */,
				DEEDF7B81B6A79AB00A30C28 /* Release */,
			);
			defaultConfigurationIsVisible = 0;
		};
		DEEDF7B91B6A79AB00A30C28 /* Build configuration list for PBXNativeTarget "Project1Tests" */ = {
			isa = XCConfigurationList;
			buildConfigurations = (
				DEEDF7BA1B6A79AB00A30C28 /* Debug */,
				DEEDF7BB1B6A79AB00A30C28 /* Release */,
			);
			defaultConfigurationIsVisible = 0;
		};
/* End XCConfigurationList section */
	};
	rootObject = DEEDF78D1B6A79AB00A30C28 /* Project object */;
}
